Microsoft Visual Studio Solution File, Format Version 12.00
# Visual Studio Version 17
Project("{2150E333-8FDC-42A3-9474-1A3956D46DE8}") = "Modules", "Modules", "{5ABFFBA8-E9A8-34B0-40F1-F33E417F25C0}"
EndProject
Project("{2150E333-8FDC-42A3-9474-1A3956D46DE8}") = "Protostar-Engine", "Protostar-Engine", "{07F2F2CA-5CFE-854E-1D07-F7F549838EF7}"
EndProject
Project("{2150E333-8FDC-42A3-9474-1A3956D46DE8}") = "Source", "Source", "{9A810AE2-BF1E-E3C6-7109-6B124AA040B7}"
EndProject
Project("{8BC9CEB8-8B4A-11D0-8D11-00A0C91BC942}") = "Core", "Protostar-Engine-Test\Source\Modules\Core\Core.vcxproj", "{CB6BC285-E997-E62D-D67D-ED650366B62A}"
EndProject
Project("{8BC9CEB8-8B4A-11D0-8D11-00A0C91BC942}") = "CoreMath", "Protostar-Engine\Source\Modules\CoreMath\CoreMath.vcxproj", "{618DF225-0551-6918-62E0-D8C97C0F614E}"
EndProject
Project("{8BC9CEB8-8B4A-11D0-8D11-00A0C91BC942}") = "ECSCore", "Protostar-Engine\Source\Modules\ECSCore\ECSCore.vcxproj", "{B1FA8CD1-0DD2-28E0-8294-0DEC91291C69}"
EndProject
Project("{8BC9CEB8-8B4A-11D0-8D11-00A0C91BC942}") = "FileSystem", "Protostar-Engine\Source\Modules\FileSystem\FileSystem.vcxproj", "{4A530A79-72AC-3311-A502-59E3BDCBF98E}"
EndProject
Project("{8BC9CEB8-8B4A-11D0-8D11-00A0C91BC942}") = "GUI", "Protostar-Editor\Source\Modules\GUI\GUI.vcxproj", "{59E3677F-EB98-5E97-A1E5-C2725D260782}"
EndProject
Project("{8BC9CEB8-8B4A-11D0-8D11-00A0C91BC942}") = "ImGui", "Protostar-Editor\Source\Modules\ImGui\ImGui.vcxproj", "{EDFE8FB0-57F6-3269-E46D-7C76F9DC7A13}"
EndProject
Project("{8BC9CEB8-8B4A-11D0-8D11-00A0C91BC942}") = "MainCore", "Protostar-Engine\Source\Modules\MainCore\MainCore.vcxproj", "{AC2E2F9E-09FD-6243-0AA9-8E030604D096}"
EndProject
Project("{8BC9CEB8-8B4A-11D0-8D11-00A0C91BC942}") = "Management", "Protostar-Editor\Source\Modules\Management\Management.vcxproj", "{176FA8A3-2863-4B24-19B1-B7ED4DBF5566}"
EndProject
Project("{8BC9CEB8-8B4A-11D0-8D11-00A0C91BC942}") = "RHI", "Protostar-Engine\Source\Modules\RHI\RHI.vcxproj", "{A8557EE2-1876-0DDD-C493-07FA9815C76B}"
EndProject
Global
	GlobalSection(SolutionConfigurationPlatforms) = preSolution
		Debug|x64 = Debug|x64
		Release|x64 = Release|x64
	EndGlobalSection
	GlobalSection(ProjectConfigurationPlatforms) = postSolution
		{CB6BC285-E997-E62D-D67D-ED650366B62A}.Debug|x64.ActiveCfg = Debug|x64
		{CB6BC285-E997-E62D-D67D-ED650366B62A}.Debug|x64.Build.0 = Debug|x64
		{CB6BC285-E997-E62D-D67D-ED650366B62A}.Release|x64.ActiveCfg = Release|x64
		{CB6BC285-E997-E62D-D67D-ED650366B62A}.Release|x64.Build.0 = Release|x64
		{618DF225-0551-6918-62E0-D8C97C0F614E}.Debug|x64.ActiveCfg = Debug|x64
		{618DF225-0551-6918-62E0-D8C97C0F614E}.Debug|x64.Build.0 = Debug|x64
		{618DF225-0551-6918-62E0-D8C97C0F614E}.Release|x64.ActiveCfg = Release|x64
		{618DF225-0551-6918-62E0-D8C97C0F614E}.Release|x64.Build.0 = Release|x64
		{B1FA8CD1-0DD2-28E0-8294-0DEC91291C69}.Debug|x64.ActiveCfg = Debug|x64
		{B1FA8CD1-0DD2-28E0-8294-0DEC91291C69}.Debug|x64.Build.0 = Debug|x64
		{B1FA8CD1-0DD2-28E0-8294-0DEC91291C69}.Release|x64.ActiveCfg = Release|x64
		{B1FA8CD1-0DD2-28E0-8294-0DEC91291C69}.Release|x64.Build.0 = Release|x64
		{4A530A79-72AC-3311-A502-59E3BDCBF98E}.Debug|x64.ActiveCfg = Debug|x64
		{4A530A79-72AC-3311-A502-59E3BDCBF98E}.Debug|x64.Build.0 = Debug|x64
		{4A530A79-72AC-3311-A502-59E3BDCBF98E}.Release|x64.ActiveCfg = Release|x64
		{4A530A79-72AC-3311-A502-59E3BDCBF98E}.Release|x64.Build.0 = Release|x64
		{59E3677F-EB98-5E97-A1E5-C2725D260782}.Debug|x64.ActiveCfg = Debug|x64
		{59E3677F-EB98-5E97-A1E5-C2725D260782}.Debug|x64.Build.0 = Debug|x64
		{59E3677F-EB98-5E97-A1E5-C2725D260782}.Release|x64.ActiveCfg = Release|x64
		{59E3677F-EB98-5E97-A1E5-C2725D260782}.Release|x64.Build.0 = Release|x64
		{EDFE8FB0-57F6-3269-E46D-7C76F9DC7A13}.Debug|x64.ActiveCfg = Debug|x64
		{EDFE8FB0-57F6-3269-E46D-7C76F9DC7A13}.Debug|x64.Build.0 = Debug|x64
		{EDFE8FB0-57F6-3269-E46D-7C76F9DC7A13}.Release|x64.ActiveCfg = Release|x64
		{EDFE8FB0-57F6-3269-E46D-7C76F9DC7A13}.Release|x64.Build.0 = Release|x64
		{AC2E2F9E-09FD-6243-0AA9-8E030604D096}.Debug|x64.ActiveCfg = Debug|x64
		{AC2E2F9E-09FD-6243-0AA9-8E030604D096}.Debug|x64.Build.0 = Debug|x64
		{AC2E2F9E-09FD-6243-0AA9-8E030604D096}.Release|x64.ActiveCfg = Release|x64
		{AC2E2F9E-09FD-6243-0AA9-8E030604D096}.Release|x64.Build.0 = Release|x64
		{176FA8A3-2863-4B24-19B1-B7ED4DBF5566}.Debug|x64.ActiveCfg = Debug|x64
		{176FA8A3-2863-4B24-19B1-B7ED4DBF5566}.Debug|x64.Build.0 = Debug|x64
		{176FA8A3-2863-4B24-19B1-B7ED4DBF5566}.Release|x64.ActiveCfg = Release|x64
		{176FA8A3-2863-4B24-19B1-B7ED4DBF5566}.Release|x64.Build.0 = Release|x64
		{A8557EE2-1876-0DDD-C493-07FA9815C76B}.Debug|x64.ActiveCfg = Debug|x64
		{A8557EE2-1876-0DDD-C493-07FA9815C76B}.Debug|x64.Build.0 = Debug|x64
		{A8557EE2-1876-0DDD-C493-07FA9815C76B}.Release|x64.ActiveCfg = Release|x64
		{A8557EE2-1876-0DDD-C493-07FA9815C76B}.Release|x64.Build.0 = Release|x64
	EndGlobalSection
	GlobalSection(SolutionProperties) = preSolution
		HideSolutionNode = FALSE
	EndGlobalSection
	GlobalSection(NestedProjects) = preSolution
		{5ABFFBA8-E9A8-34B0-40F1-F33E417F25C0} = {9A810AE2-BF1E-E3C6-7109-6B124AA040B7}
		{9A810AE2-BF1E-E3C6-7109-6B124AA040B7} = {07F2F2CA-5CFE-854E-1D07-F7F549838EF7}
		{618DF225-0551-6918-62E0-D8C97C0F614E} = {5ABFFBA8-E9A8-34B0-40F1-F33E417F25C0}
		{B1FA8CD1-0DD2-28E0-8294-0DEC91291C69} = {5ABFFBA8-E9A8-34B0-40F1-F33E417F25C0}
		{4A530A79-72AC-3311-A502-59E3BDCBF98E} = {5ABFFBA8-E9A8-34B0-40F1-F33E417F25C0}
		{AC2E2F9E-09FD-6243-0AA9-8E030604D096} = {5ABFFBA8-E9A8-34B0-40F1-F33E417F25C0}
		{A8557EE2-1876-0DDD-C493-07FA9815C76B} = {5ABFFBA8-E9A8-34B0-40F1-F33E417F25C0}
	EndGlobalSection
EndGlobal
