Microsoft Visual Studio Solution File, Format Version 12.00
# Visual Studio Version 17
Project("{2150E333-8FDC-42A3-9474-1A3956D46DE8}") = "Modules", "Modules", "{5ABFFBA8-E9A8-34B0-40F1-F33E417F25C0}"
EndProject
Project("{2150E333-8FDC-42A3-9474-1A3956D46DE8}") = "Protostar-Engine", "Protostar-Engine", "{07F2F2CA-5CFE-854E-1D07-F7F549838EF7}"
EndProject
Project("{2150E333-8FDC-42A3-9474-1A3956D46DE8}") = "Source", "Source", "{9A810AE2-BF1E-E3C6-7109-6B124AA040B7}"
EndProject
Project("{8BC9CEB8-8B4A-11D0-8D11-00A0C91BC942}") = "CoreMain", "Protostar-Engine\Source\Modules\CoreMain\CoreMain.vcxproj", "{94589B42-D820-94E0-07B2-DB8B488C21F0}"
EndProject
Project("{8BC9CEB8-8B4A-11D0-8D11-00A0C91BC942}") = "CoreMath", "Protostar-Engine\Source\Modules\CoreMath\CoreMath.vcxproj", "{618DF225-0551-6918-62E0-D8C97C0F614E}"
EndProject
Project("{8BC9CEB8-8B4A-11D0-8D11-00A0C91BC942}") = "CoreTypes", "Protostar-Engine\Source\Modules\CoreTypes\CoreTypes.vcxproj", "{09A79D6D-1695-BC81-A58E-706B5C783151}"
EndProject
Project("{8BC9CEB8-8B4A-11D0-8D11-00A0C91BC942}") = "ECSCore", "Protostar-Engine\Source\Modules\ECSCore\ECSCore.vcxproj", "{B1FA8CD1-0DD2-28E0-8294-0DEC91291C69}"
EndProject
Project("{8BC9CEB8-8B4A-11D0-8D11-00A0C91BC942}") = "FileSystem", "Protostar-Engine\Source\Modules\FileSystem\FileSystem.vcxproj", "{4A530A79-72AC-3311-A502-59E3BDCBF98E}"
EndProject
Project("{8BC9CEB8-8B4A-11D0-8D11-00A0C91BC942}") = "RHI", "Protostar-Engine\Source\Modules\RHI\RHI.vcxproj", "{A8557EE2-1876-0DDD-C493-07FA9815C76B}"
EndProject
Global
	GlobalSection(SolutionConfigurationPlatforms) = preSolution
		Debug|x64 = Debug|x64
		Release|x64 = Release|x64
	EndGlobalSection
	GlobalSection(ProjectConfigurationPlatforms) = postSolution
		{94589B42-D820-94E0-07B2-DB8B488C21F0}.Debug|x64.ActiveCfg = Debug|x64
		{94589B42-D820-94E0-07B2-DB8B488C21F0}.Debug|x64.Build.0 = Debug|x64
		{94589B42-D820-94E0-07B2-DB8B488C21F0}.Release|x64.ActiveCfg = Release|x64
		{94589B42-D820-94E0-07B2-DB8B488C21F0}.Release|x64.Build.0 = Release|x64
		{618DF225-0551-6918-62E0-D8C97C0F614E}.Debug|x64.ActiveCfg = Debug|x64
		{618DF225-0551-6918-62E0-D8C97C0F614E}.Debug|x64.Build.0 = Debug|x64
		{618DF225-0551-6918-62E0-D8C97C0F614E}.Release|x64.ActiveCfg = Release|x64
		{618DF225-0551-6918-62E0-D8C97C0F614E}.Release|x64.Build.0 = Release|x64
		{09A79D6D-1695-BC81-A58E-706B5C783151}.Debug|x64.ActiveCfg = Debug|x64
		{09A79D6D-1695-BC81-A58E-706B5C783151}.Debug|x64.Build.0 = Debug|x64
		{09A79D6D-1695-BC81-A58E-706B5C783151}.Release|x64.ActiveCfg = Release|x64
		{09A79D6D-1695-BC81-A58E-706B5C783151}.Release|x64.Build.0 = Release|x64
		{B1FA8CD1-0DD2-28E0-8294-0DEC91291C69}.Debug|x64.ActiveCfg = Debug|x64
		{B1FA8CD1-0DD2-28E0-8294-0DEC91291C69}.Debug|x64.Build.0 = Debug|x64
		{B1FA8CD1-0DD2-28E0-8294-0DEC91291C69}.Release|x64.ActiveCfg = Release|x64
		{B1FA8CD1-0DD2-28E0-8294-0DEC91291C69}.Release|x64.Build.0 = Release|x64
		{4A530A79-72AC-3311-A502-59E3BDCBF98E}.Debug|x64.ActiveCfg = Debug|x64
		{4A530A79-72AC-3311-A502-59E3BDCBF98E}.Debug|x64.Build.0 = Debug|x64
		{4A530A79-72AC-3311-A502-59E3BDCBF98E}.Release|x64.ActiveCfg = Release|x64
		{4A530A79-72AC-3311-A502-59E3BDCBF98E}.Release|x64.Build.0 = Release|x64
		{A8557EE2-1876-0DDD-C493-07FA9815C76B}.Debug|x64.ActiveCfg = Debug|x64
		{A8557EE2-1876-0DDD-C493-07FA9815C76B}.Debug|x64.Build.0 = Debug|x64
		{A8557EE2-1876-0DDD-C493-07FA9815C76B}.Release|x64.ActiveCfg = Release|x64
		{A8557EE2-1876-0DDD-C493-07FA9815C76B}.Release|x64.Build.0 = Release|x64
	EndGlobalSection
	GlobalSection(SolutionProperties) = preSolution
		HideSolutionNode = FALSE
	EndGlobalSection
	GlobalSection(NestedProjects) = preSolution
		{5ABFFBA8-E9A8-34B0-40F1-F33E417F25C0} = {9A810AE2-BF1E-E3C6-7109-6B124AA040B7}
		{9A810AE2-BF1E-E3C6-7109-6B124AA040B7} = {07F2F2CA-5CFE-854E-1D07-F7F549838EF7}
		{94589B42-D820-94E0-07B2-DB8B488C21F0} = {5ABFFBA8-E9A8-34B0-40F1-F33E417F25C0}
		{618DF225-0551-6918-62E0-D8C97C0F614E} = {5ABFFBA8-E9A8-34B0-40F1-F33E417F25C0}
		{09A79D6D-1695-BC81-A58E-706B5C783151} = {5ABFFBA8-E9A8-34B0-40F1-F33E417F25C0}
		{B1FA8CD1-0DD2-28E0-8294-0DEC91291C69} = {5ABFFBA8-E9A8-34B0-40F1-F33E417F25C0}
		{4A530A79-72AC-3311-A502-59E3BDCBF98E} = {5ABFFBA8-E9A8-34B0-40F1-F33E417F25C0}
		{A8557EE2-1876-0DDD-C493-07FA9815C76B} = {5ABFFBA8-E9A8-34B0-40F1-F33E417F25C0}
	EndGlobalSection
EndGlobal
