<?xml version="1.0" encoding="utf-8"?>
<Project ToolsVersion="17.0" xmlns="http://schemas.microsoft.com/developer/msbuild/2003">
  <ItemGroup>
    <ClCompile Include="Source\Private\Log.cpp">
      <Filter>Private</Filter>
    </ClCompile>
    <ClCompile Include="Source\Private\ThreadPool.cpp">
      <Filter>Private</Filter>
    </ClCompile>
    <ClCompile Include="Source\Private\Timer.cpp">
      <Filter>Private</Filter>
    </ClCompile>
    <ClCompile Include="Source\Private\Window.cpp">
      <Filter>Private</Filter>
    </ClCompile>
  </ItemGroup>
  <ItemGroup>
    <ClInclude Include="Source\Private\BaseJob.h">
      <Filter>Private</Filter>
    </ClInclude>
    <ClInclude Include="Source\Public\Console.h">
      <Filter>Public</Filter>
    </ClInclude>
    <ClInclude Include="Source\Public\GlobalConstants.h">
      <Filter>Public</Filter>
    </ClInclude>
    <ClInclude Include="Source\Public\GlobalDefinitions.h">
      <Filter>Public</Filter>
    </ClInclude>
    <ClInclude Include="Source\Public\GlobalMacros.h">
      <Filter>Public</Filter>
    </ClInclude>
    <ClInclude Include="Source\Public\Log.h">
      <Filter>Public</Filter>
    </ClInclude>
    <ClInclude Include="Source\Public\ThreadPool.h">
      <Filter>Public</Filter>
    </ClInclude>
    <ClInclude Include="Source\Public\Timer.h">
      <Filter>Public</Filter>
    </ClInclude>
    <ClInclude Include="Source\Public\Util.h">
      <Filter>Public</Filter>
    </ClInclude>
    <ClInclude Include="Source\Public\Window.h">
      <Filter>Public</Filter>
    </ClInclude>
  </ItemGroup>
  <ItemGroup>
    <Filter Include="Private">
      <UniqueIdentifier>{2f08f947-80c3-62ca-d531-096aa1d110f1}</UniqueIdentifier>
    </Filter>
    <Filter Include="Public">
      <UniqueIdentifier>{ed7b063d-2ffe-7746-470d-d6ccf64d05ed}</UniqueIdentifier>
    </Filter>
  </ItemGroup>
</Project>