<?xml version="1.0" encoding="utf-8"?>
<Project ToolsVersion="17.0" xmlns="http://schemas.microsoft.com/developer/msbuild/2003">
  <ItemGroup>
    <ClCompile Include="Source\Private\Guid_Win.cpp">
      <Filter>Private</Filter>
    </ClCompile>
  </ItemGroup>
  <ItemGroup>
    <ClInclude Include="Source\Private\json.hpp">
      <Filter>Private</Filter>
    </ClInclude>
    <ClInclude Include="Source\Public\Guid.h">
      <Filter>Public</Filter>
    </ClInclude>
    <ClInclude Include="Source\Public\Json.h">
      <Filter>Public</Filter>
    </ClInclude>
    <ClInclude Include="Source\Public\NOQueue.h">
      <Filter>Public</Filter>
    </ClInclude>
  </ItemGroup>
  <ItemGroup>
    <Filter Include="Private">
      <UniqueIdentifier>{2f08f947-80c3-62ca-d531-096aa1d110f1}</UniqueIdentifier>
    </Filter>
    <Filter Include="Public">
      <UniqueIdentifier>{ed7b063d-2ffe-7746-470d-d6ccf64d05ed}</UniqueIdentifier>
    </Filter>
  </ItemGroup>
</Project>