<?xml version="1.0" encoding="utf-8"?>
<Project ToolsVersion="17.0" xmlns="http://schemas.microsoft.com/developer/msbuild/2003">
  <ItemGroup>
    <ClCompile Include="Source\Private\PSOLibrary.cpp">
      <Filter>Private</Filter>
    </ClCompile>
    <ClCompile Include="Source\Private\RHI.cpp">
      <Filter>Private</Filter>
    </ClCompile>
    <ClCompile Include="Source\Private\RootSignatureLibrary.cpp">
      <Filter>Private</Filter>
    </ClCompile>
    <ClCompile Include="Source\Private\ShaderLibrary.cpp">
      <Filter>Private</Filter>
    </ClCompile>
  </ItemGroup>
  <ItemGroup>
    <ClInclude Include="Source\Public\PSOLibrary.h">
      <Filter>Public</Filter>
    </ClInclude>
    <ClInclude Include="Source\Public\RHI.h">
      <Filter>Public</Filter>
    </ClInclude>
    <ClInclude Include="Source\Public\RootSignatureLibrary.h">
      <Filter>Public</Filter>
    </ClInclude>
    <ClInclude Include="Source\Public\ShaderLibrary.h">
      <Filter>Public</Filter>
    </ClInclude>
    <ClInclude Include="Source\Public\SharedEnums.h">
      <Filter>Public</Filter>
    </ClInclude>
    <ClInclude Include="Source\Public\SharedStructs.h">
      <Filter>Public</Filter>
    </ClInclude>
  </ItemGroup>
  <ItemGroup>
    <Filter Include="Private">
      <UniqueIdentifier>{2f08f947-80c3-62ca-d531-096aa1d110f1}</UniqueIdentifier>
    </Filter>
    <Filter Include="Public">
      <UniqueIdentifier>{ed7b063d-2ffe-7746-470d-d6ccf64d05ed}</UniqueIdentifier>
    </Filter>
  </ItemGroup>
</Project>