<?xml version="1.0" encoding="utf-8"?>
<Project ToolsVersion="4.0" xmlns="http://schemas.microsoft.com/developer/msbuild/2003">
  <ItemGroup>
    <Filter Include="Source">
      <UniqueIdentifier>{9e0b6f35-a091-4fb1-a8d9-977d45703e8e}</UniqueIdentifier>
    </Filter>
    <Filter Include="Source\Public">
      <UniqueIdentifier>{1f8e5460-da68-4945-8bb3-45d43c72a489}</UniqueIdentifier>
    </Filter>
    <Filter Include="Source\Private">
      <UniqueIdentifier>{2ebed0c3-c821-458a-acf2-6bdf90ae6d1d}</UniqueIdentifier>
    </Filter>
  </ItemGroup>
</Project>