<?xml version="1.0" encoding="utf-8"?>
<Project ToolsVersion="17.0" xmlns="http://schemas.microsoft.com/developer/msbuild/2003">
  <ItemGroup>
    <ClCompile Include="Source\Private\BaseObject.cpp">
      <Filter>Private</Filter>
    </ClCompile>
    <ClCompile Include="Source\Private\ECSManager.cpp">
      <Filter>Private</Filter>
    </ClCompile>
    <ClCompile Include="Source\Private\Entities\BaseEntity.cpp">
      <Filter>Private\Entities</Filter>
    </ClCompile>
    <ClCompile Include="Source\Private\EntityManager.cpp">
      <Filter>Private</Filter>
    </ClCompile>
    <ClCompile Include="Source\Private\Scene.cpp">
      <Filter>Private</Filter>
    </ClCompile>
  </ItemGroup>
  <ItemGroup>
    <ClInclude Include="Source\Private\Entt\config\config.h">
      <Filter>Private\Entt\config</Filter>
    </ClInclude>
    <ClInclude Include="Source\Private\Entt\config\version.h">
      <Filter>Private\Entt\config</Filter>
    </ClInclude>
    <ClInclude Include="Source\Private\Entt\core\algorithm.hpp">
      <Filter>Private\Entt\core</Filter>
    </ClInclude>
    <ClInclude Include="Source\Private\Entt\core\attribute.h">
      <Filter>Private\Entt\core</Filter>
    </ClInclude>
    <ClInclude Include="Source\Private\Entt\core\family.hpp">
      <Filter>Private\Entt\core</Filter>
    </ClInclude>
    <ClInclude Include="Source\Private\Entt\core\fwd.hpp">
      <Filter>Private\Entt\core</Filter>
    </ClInclude>
    <ClInclude Include="Source\Private\Entt\core\hashed_string.hpp">
      <Filter>Private\Entt\core</Filter>
    </ClInclude>
    <ClInclude Include="Source\Private\Entt\core\ident.hpp">
      <Filter>Private\Entt\core</Filter>
    </ClInclude>
    <ClInclude Include="Source\Private\Entt\core\monostate.hpp">
      <Filter>Private\Entt\core</Filter>
    </ClInclude>
    <ClInclude Include="Source\Private\Entt\core\type_info.hpp">
      <Filter>Private\Entt\core</Filter>
    </ClInclude>
    <ClInclude Include="Source\Private\Entt\core\type_traits.hpp">
      <Filter>Private\Entt\core</Filter>
    </ClInclude>
    <ClInclude Include="Source\Private\Entt\core\utility.hpp">
      <Filter>Private\Entt\core</Filter>
    </ClInclude>
    <ClInclude Include="Source\Private\Entt\entity\actor.hpp">
      <Filter>Private\Entt\entity</Filter>
    </ClInclude>
    <ClInclude Include="Source\Private\Entt\entity\entity.hpp">
      <Filter>Private\Entt\entity</Filter>
    </ClInclude>
    <ClInclude Include="Source\Private\Entt\entity\fwd.hpp">
      <Filter>Private\Entt\entity</Filter>
    </ClInclude>
    <ClInclude Include="Source\Private\Entt\entity\group.hpp">
      <Filter>Private\Entt\entity</Filter>
    </ClInclude>
    <ClInclude Include="Source\Private\Entt\entity\handle.hpp">
      <Filter>Private\Entt\entity</Filter>
    </ClInclude>
    <ClInclude Include="Source\Private\Entt\entity\helper.hpp">
      <Filter>Private\Entt\entity</Filter>
    </ClInclude>
    <ClInclude Include="Source\Private\Entt\entity\observer.hpp">
      <Filter>Private\Entt\entity</Filter>
    </ClInclude>
    <ClInclude Include="Source\Private\Entt\entity\pool.hpp">
      <Filter>Private\Entt\entity</Filter>
    </ClInclude>
    <ClInclude Include="Source\Private\Entt\entity\registry.hpp">
      <Filter>Private\Entt\entity</Filter>
    </ClInclude>
    <ClInclude Include="Source\Private\Entt\entity\runtime_view.hpp">
      <Filter>Private\Entt\entity</Filter>
    </ClInclude>
    <ClInclude Include="Source\Private\Entt\entity\snapshot.hpp">
      <Filter>Private\Entt\entity</Filter>
    </ClInclude>
    <ClInclude Include="Source\Private\Entt\entity\sparse_set.hpp">
      <Filter>Private\Entt\entity</Filter>
    </ClInclude>
    <ClInclude Include="Source\Private\Entt\entity\storage.hpp">
      <Filter>Private\Entt\entity</Filter>
    </ClInclude>
    <ClInclude Include="Source\Private\Entt\entity\utility.hpp">
      <Filter>Private\Entt\entity</Filter>
    </ClInclude>
    <ClInclude Include="Source\Private\Entt\entity\view.hpp">
      <Filter>Private\Entt\entity</Filter>
    </ClInclude>
    <ClInclude Include="Source\Private\Entt\entt.hpp">
      <Filter>Private\Entt</Filter>
    </ClInclude>
    <ClInclude Include="Source\Private\Entt\fwd.hpp">
      <Filter>Private\Entt</Filter>
    </ClInclude>
    <ClInclude Include="Source\Private\Entt\locator\locator.hpp">
      <Filter>Private\Entt\locator</Filter>
    </ClInclude>
    <ClInclude Include="Source\Private\Entt\meta\container.hpp">
      <Filter>Private\Entt\meta</Filter>
    </ClInclude>
    <ClInclude Include="Source\Private\Entt\meta\ctx.hpp">
      <Filter>Private\Entt\meta</Filter>
    </ClInclude>
    <ClInclude Include="Source\Private\Entt\meta\factory.hpp">
      <Filter>Private\Entt\meta</Filter>
    </ClInclude>
    <ClInclude Include="Source\Private\Entt\meta\internal.hpp">
      <Filter>Private\Entt\meta</Filter>
    </ClInclude>
    <ClInclude Include="Source\Private\Entt\meta\meta.hpp">
      <Filter>Private\Entt\meta</Filter>
    </ClInclude>
    <ClInclude Include="Source\Private\Entt\meta\pointer.hpp">
      <Filter>Private\Entt\meta</Filter>
    </ClInclude>
    <ClInclude Include="Source\Private\Entt\meta\policy.hpp">
      <Filter>Private\Entt\meta</Filter>
    </ClInclude>
    <ClInclude Include="Source\Private\Entt\meta\range.hpp">
      <Filter>Private\Entt\meta</Filter>
    </ClInclude>
    <ClInclude Include="Source\Private\Entt\meta\resolve.hpp">
      <Filter>Private\Entt\meta</Filter>
    </ClInclude>
    <ClInclude Include="Source\Private\Entt\meta\type_traits.hpp">
      <Filter>Private\Entt\meta</Filter>
    </ClInclude>
    <ClInclude Include="Source\Private\Entt\platform\android-ndk-r17.hpp">
      <Filter>Private\Entt\platform</Filter>
    </ClInclude>
    <ClInclude Include="Source\Private\Entt\process\process.hpp">
      <Filter>Private\Entt\process</Filter>
    </ClInclude>
    <ClInclude Include="Source\Private\Entt\process\scheduler.hpp">
      <Filter>Private\Entt\process</Filter>
    </ClInclude>
    <ClInclude Include="Source\Private\Entt\resource\cache.hpp">
      <Filter>Private\Entt\resource</Filter>
    </ClInclude>
    <ClInclude Include="Source\Private\Entt\resource\fwd.hpp">
      <Filter>Private\Entt\resource</Filter>
    </ClInclude>
    <ClInclude Include="Source\Private\Entt\resource\handle.hpp">
      <Filter>Private\Entt\resource</Filter>
    </ClInclude>
    <ClInclude Include="Source\Private\Entt\resource\loader.hpp">
      <Filter>Private\Entt\resource</Filter>
    </ClInclude>
    <ClInclude Include="Source\Private\Entt\signal\delegate.hpp">
      <Filter>Private\Entt\signal</Filter>
    </ClInclude>
    <ClInclude Include="Source\Private\Entt\signal\dispatcher.hpp">
      <Filter>Private\Entt\signal</Filter>
    </ClInclude>
    <ClInclude Include="Source\Private\Entt\signal\emitter.hpp">
      <Filter>Private\Entt\signal</Filter>
    </ClInclude>
    <ClInclude Include="Source\Private\Entt\signal\fwd.hpp">
      <Filter>Private\Entt\signal</Filter>
    </ClInclude>
    <ClInclude Include="Source\Private\Entt\signal\sigh.hpp">
      <Filter>Private\Entt\signal</Filter>
    </ClInclude>
    <ClInclude Include="Source\Public\BaseObject.h">
      <Filter>Public</Filter>
    </ClInclude>
    <ClInclude Include="Source\Public\Components\BaseComponent.h">
      <Filter>Public\Components</Filter>
    </ClInclude>
    <ClInclude Include="Source\Public\Components\CameraComponent.h">
      <Filter>Public\Components</Filter>
    </ClInclude>
    <ClInclude Include="Source\Public\Components\MeshComponent.h">
      <Filter>Public\Components</Filter>
    </ClInclude>
    <ClInclude Include="Source\Public\Components\TransformComponent.h">
      <Filter>Public\Components</Filter>
    </ClInclude>
    <ClInclude Include="Source\Public\ECSManager.h">
      <Filter>Public</Filter>
    </ClInclude>
    <ClInclude Include="Source\Public\Entities\BaseEntity.h">
      <Filter>Public\Entities</Filter>
    </ClInclude>
    <ClInclude Include="Source\Public\EntityManager.h">
      <Filter>Public</Filter>
    </ClInclude>
    <ClInclude Include="Source\Public\Scene.h">
      <Filter>Public</Filter>
    </ClInclude>
  </ItemGroup>
  <ItemGroup>
    <Filter Include="Private">
      <UniqueIdentifier>{2f08f947-80c3-62ca-d531-096aa1d110f1}</UniqueIdentifier>
    </Filter>
    <Filter Include="Private\Entities">
      <UniqueIdentifier>{1ad2a492-91e1-7713-571b-80f58bd8e8ea}</UniqueIdentifier>
    </Filter>
    <Filter Include="Private\Entt">
      <UniqueIdentifier>{ffc12877-9799-54d4-ee9a-fe839a0e2714}</UniqueIdentifier>
    </Filter>
    <Filter Include="Private\Entt\config">
      <UniqueIdentifier>{933eed3e-038b-9c64-42f2-8b4999f38a8d}</UniqueIdentifier>
    </Filter>
    <Filter Include="Private\Entt\core">
      <UniqueIdentifier>{0316b279-5a11-2985-e600-d9471130fbd6}</UniqueIdentifier>
    </Filter>
    <Filter Include="Private\Entt\entity">
      <UniqueIdentifier>{88f114ea-ece2-e550-c7a4-f81bf8b09d5e}</UniqueIdentifier>
    </Filter>
    <Filter Include="Private\Entt\locator">
      <UniqueIdentifier>{f4388740-d3e3-12c1-5d91-56f90d7e8973}</UniqueIdentifier>
    </Filter>
    <Filter Include="Private\Entt\meta">
      <UniqueIdentifier>{019669b4-189d-58de-584d-d04c6156b422}</UniqueIdentifier>
    </Filter>
    <Filter Include="Private\Entt\platform">
      <UniqueIdentifier>{8bd7b0bf-f192-de44-185e-8b2ba80ee9a4}</UniqueIdentifier>
    </Filter>
    <Filter Include="Private\Entt\process">
      <UniqueIdentifier>{a025f48d-7bf5-a9a7-5a0c-544e5606f909}</UniqueIdentifier>
    </Filter>
    <Filter Include="Private\Entt\resource">
      <UniqueIdentifier>{9683ea35-8747-1762-332c-ff78dcd85a3f}</UniqueIdentifier>
    </Filter>
    <Filter Include="Private\Entt\signal">
      <UniqueIdentifier>{a31c6f10-44f4-c8cb-e981-e53df9c1f26a}</UniqueIdentifier>
    </Filter>
    <Filter Include="Public">
      <UniqueIdentifier>{ed7b063d-2ffe-7746-470d-d6ccf64d05ed}</UniqueIdentifier>
    </Filter>
    <Filter Include="Public\Components">
      <UniqueIdentifier>{6c7db275-35ae-d0bc-b2ef-ccbadaa6ce72}</UniqueIdentifier>
    </Filter>
    <Filter Include="Public\Entities">
      <UniqueIdentifier>{3b640720-7013-9568-f261-4cdfc3a3545b}</UniqueIdentifier>
    </Filter>
  </ItemGroup>
</Project>